PODS:
  - Bolts/Tasks (1.6.0)
  - GoogleMaps (1.10.5)
  - KSReachability (1.4.1)
  - MBProgressHUD (0.9.2)
  - Parse (1.13.0):
    - Bolts/Tasks (~> 1.6)
  - SRKUtility (2.0.6):
    - KSReachability
    - MBProgressHUD
    - SRKUtility/SRKUtility (= 2.0.6)
  - SRKUtility/SRKUtility (2.0.6):
    - KSReachability
    - MBProgressHUD

DEPENDENCIES:
  - GoogleMaps
  - Parse
  - SRKUtility

SPEC CHECKSUMS:
  Bolts: f52a250053bb517ca874523c3913776359ab3def
  GoogleMaps: da51c62c338c2d9c47cdad470a0d1e0e4b8544e4
  KSReachability: ddf4af6e6488c45c5c41c59e72d72d078062ee28
  MBProgressHUD: 1569cf7ace17a8bac47aabfbb8580a49690386d1
  Parse: f51c24d2feb412e4b2d6cc73d37cb24e8d0089bc
  SRKUtility: d8caea586aeb53e6b70e5d2e719ba328bdbfc1e4

COCOAPODS: 0.39.0
